
Microsoft Visual Studio Solution File, Format Version 12.00
# Visual Studio Version 17
VisualStudioVersion = 17.0.31423.177
MinimumVisualStudioVersion = 10.0.40219.1
Project("{9A19103F-16F7-4668-BE54-9A1E7A4F7556}") = "SiteContagem", "SiteContagem.csproj", "{A5FE7444-2AF0-43CC-986E-18D320DF0D84}"
EndProject
Global
	GlobalSection(SolutionConfigurationPlatforms) = preSolution
		Debug|Any CPU = Debug|Any CPU
		Release|Any CPU = Release|Any CPU
	EndGlobalSection
	GlobalSection(ProjectConfigurationPlatforms) = postSolution
		{A5FE7444-2AF0-43CC-986E-18D320DF0D84}.Debug|Any CPU.ActiveCfg = Debug|Any CPU
		{A5FE7444-2AF0-43CC-986E-18D320DF0D84}.Debug|Any CPU.Build.0 = Debug|Any CPU
		{A5FE7444-2AF0-43CC-986E-18D320DF0D84}.Release|Any CPU.ActiveCfg = Release|Any CPU
		{A5FE7444-2AF0-43CC-986E-18D320DF0D84}.Release|Any CPU.Build.0 = Release|Any CPU
	EndGlobalSection
	GlobalSection(SolutionProperties) = preSolution
		HideSolutionNode = FALSE
	EndGlobalSection
	GlobalSection(ExtensibilityGlobals) = postSolution
		SolutionGuid = {60EB3D4A-C78E-4AF5-A7D8-B33BBE4C20D5}
	EndGlobalSection
EndGlobal
